
Microsoft Visual Studio Solution File, Format Version 12.00
# Visual Studio 15
VisualStudioVersion = 15.0.28010.2036
MinimumVisualStudioVersion = 10.0.40219.1
Project("{8BC9CEB8-8B4A-11D0-8D11-00A0C91BC942}") = "Laba3_3(alg)", "Laba3_3(alg)\Laba3_3(alg).vcxproj", "{85FB06B8-0281-4075-98E5-625E55951D68}"
	ProjectSection(ProjectDependencies) = postProject
		{6CE29687-5FFC-460E-9025-F0BAAA64F00E} = {6CE29687-5FFC-460E-9025-F0BAAA64F00E}
	EndProjectSection
EndProject
Project("{8BC9CEB8-8B4A-11D0-8D11-00A0C91BC942}") = "UnitTest1", "UnitTest1\UnitTest1.vcxproj", "{9BA6C666-AA1D-44BE-BE70-E7E901B337EC}"
EndProject
Project("{8BC9CEB8-8B4A-11D0-8D11-00A0C91BC942}") = "3.2 алг", "..\3.2 алг\3.2 алг\3.2 алг.vcxproj", "{6CE29687-5FFC-460E-9025-F0BAAA64F00E}"
EndProject
Global
	GlobalSection(SolutionConfigurationPlatforms) = preSolution
		Debug|x64 = Debug|x64
		Debug|x86 = Debug|x86
		Release|x64 = Release|x64
		Release|x86 = Release|x86
	EndGlobalSection
	GlobalSection(ProjectConfigurationPlatforms) = postSolution
		{85FB06B8-0281-4075-98E5-625E55951D68}.Debug|x64.ActiveCfg = Debug|x64
		{85FB06B8-0281-4075-98E5-625E55951D68}.Debug|x64.Build.0 = Debug|x64
		{85FB06B8-0281-4075-98E5-625E55951D68}.Debug|x86.ActiveCfg = Debug|Win32
		{85FB06B8-0281-4075-98E5-625E55951D68}.Debug|x86.Build.0 = Debug|Win32
		{85FB06B8-0281-4075-98E5-625E55951D68}.Release|x64.ActiveCfg = Release|x64
		{85FB06B8-0281-4075-98E5-625E55951D68}.Release|x64.Build.0 = Release|x64
		{85FB06B8-0281-4075-98E5-625E55951D68}.Release|x86.ActiveCfg = Release|Win32
		{85FB06B8-0281-4075-98E5-625E55951D68}.Release|x86.Build.0 = Release|Win32
		{9BA6C666-AA1D-44BE-BE70-E7E901B337EC}.Debug|x64.ActiveCfg = Debug|x64
		{9BA6C666-AA1D-44BE-BE70-E7E901B337EC}.Debug|x64.Build.0 = Debug|x64
		{9BA6C666-AA1D-44BE-BE70-E7E901B337EC}.Debug|x86.ActiveCfg = Debug|Win32
		{9BA6C666-AA1D-44BE-BE70-E7E901B337EC}.Debug|x86.Build.0 = Debug|Win32
		{9BA6C666-AA1D-44BE-BE70-E7E901B337EC}.Release|x64.ActiveCfg = Release|x64
		{9BA6C666-AA1D-44BE-BE70-E7E901B337EC}.Release|x64.Build.0 = Release|x64
		{9BA6C666-AA1D-44BE-BE70-E7E901B337EC}.Release|x86.ActiveCfg = Release|Win32
		{9BA6C666-AA1D-44BE-BE70-E7E901B337EC}.Release|x86.Build.0 = Release|Win32
		{6CE29687-5FFC-460E-9025-F0BAAA64F00E}.Debug|x64.ActiveCfg = Debug|x64
		{6CE29687-5FFC-460E-9025-F0BAAA64F00E}.Debug|x64.Build.0 = Debug|x64
		{6CE29687-5FFC-460E-9025-F0BAAA64F00E}.Debug|x86.ActiveCfg = Debug|Win32
		{6CE29687-5FFC-460E-9025-F0BAAA64F00E}.Debug|x86.Build.0 = Debug|Win32
		{6CE29687-5FFC-460E-9025-F0BAAA64F00E}.Release|x64.ActiveCfg = Release|x64
		{6CE29687-5FFC-460E-9025-F0BAAA64F00E}.Release|x64.Build.0 = Release|x64
		{6CE29687-5FFC-460E-9025-F0BAAA64F00E}.Release|x86.ActiveCfg = Release|Win32
		{6CE29687-5FFC-460E-9025-F0BAAA64F00E}.Release|x86.Build.0 = Release|Win32
	EndGlobalSection
	GlobalSection(SolutionProperties) = preSolution
		HideSolutionNode = FALSE
	EndGlobalSection
	GlobalSection(ExtensibilityGlobals) = postSolution
		SolutionGuid = {CC870EAB-83C5-4D66-A301-8C3363763C8A}
	EndGlobalSection
EndGlobal
